
Microsoft Visual Studio Solution File, Format Version 12.00
# Visual Studio Version 16
VisualStudioVersion = 16.0.30717.126
MinimumVisualStudioVersion = 10.0.40219.1
Project("{FAE04EC0-301F-11D3-BF4B-00C04F79EFBC}") = "azcv-classifier-util", "azcv-classifier-util.csproj", "{16E31097-525D-4DEA-BCC7-832019FB448A}"
EndProject
Global
	GlobalSection(SolutionConfigurationPlatforms) = preSolution
		Debug|Any CPU = Debug|Any CPU
		Release|Any CPU = Release|Any CPU
	EndGlobalSection
	GlobalSection(ProjectConfigurationPlatforms) = postSolution
		{16E31097-525D-4DEA-BCC7-832019FB448A}.Debug|Any CPU.ActiveCfg = Debug|Any CPU
		{16E31097-525D-4DEA-BCC7-832019FB448A}.Debug|Any CPU.Build.0 = Debug|Any CPU
		{16E31097-525D-4DEA-BCC7-832019FB448A}.Release|Any CPU.ActiveCfg = Release|Any CPU
		{16E31097-525D-4DEA-BCC7-832019FB448A}.Release|Any CPU.Build.0 = Release|Any CPU
	EndGlobalSection
	GlobalSection(SolutionProperties) = preSolution
		HideSolutionNode = FALSE
	EndGlobalSection
	GlobalSection(ExtensibilityGlobals) = postSolution
		SolutionGuid = {DF063C94-1346-4546-85E2-E028E02AD8DF}
	EndGlobalSection
EndGlobal
